
Microsoft Visual Studio Solution File, Format Version 12.00
# Visual Studio Version 17
VisualStudioVersion = 17.0.31903.59
MinimumVisualStudioVersion = 10.0.40219.1
Project("{FAE04EC0-301F-11D3-BF4B-00C04F79EFBC}") = "Day1", "Day1\Day1.csproj", "{B114F873-1378-4496-8EA6-526BA79BAE06}"
EndProject
Project("{FAE04EC0-301F-11D3-BF4B-00C04F79EFBC}") = "Day2", "Day2\Day2.csproj", "{0E58B627-CAD5-433B-A17F-7E7983CE5FE2}"
EndProject
Project("{FAE04EC0-301F-11D3-BF4B-00C04F79EFBC}") = "Day3", "Day3\Day3.csproj", "{8E541E5A-B8EC-45B2-9EC2-B24973FFB593}"
EndProject
Project("{FAE04EC0-301F-11D3-BF4B-00C04F79EFBC}") = "Day4", "Day4\Day4.csproj", "{68CCF5B6-7F4B-499E-B0FB-C23BC5350265}"
EndProject
Project("{FAE04EC0-301F-11D3-BF4B-00C04F79EFBC}") = "Day1 Real", "Day1 Real\Day1 Real.csproj", "{B469E956-01FB-4D65-90AA-C59CFFB77AFD}"
EndProject
Project("{FAE04EC0-301F-11D3-BF4B-00C04F79EFBC}") = "Day1_Real", "Day1_Real\Day1_Real.csproj", "{A02621E3-D24A-4DAE-832C-6A029C6CCE40}"
EndProject
Project("{FAE04EC0-301F-11D3-BF4B-00C04F79EFBC}") = "Perpustakaan", "Perpustakaan\Perpustakaan.csproj", "{543B816B-23B5-43C7-AE3F-1212C7389A2B}"
EndProject
Project("{FAE04EC0-301F-11D3-BF4B-00C04F79EFBC}") = "Polymorphism", "Polymorphism\Polymorphism.csproj", "{866AC193-3F28-495D-A613-80A8247E1585}"
EndProject
Global
	GlobalSection(SolutionConfigurationPlatforms) = preSolution
		Debug|Any CPU = Debug|Any CPU
		Release|Any CPU = Release|Any CPU
	EndGlobalSection
	GlobalSection(SolutionProperties) = preSolution
		HideSolutionNode = FALSE
	EndGlobalSection
	GlobalSection(ProjectConfigurationPlatforms) = postSolution
		{B114F873-1378-4496-8EA6-526BA79BAE06}.Debug|Any CPU.ActiveCfg = Debug|Any CPU
		{B114F873-1378-4496-8EA6-526BA79BAE06}.Debug|Any CPU.Build.0 = Debug|Any CPU
		{B114F873-1378-4496-8EA6-526BA79BAE06}.Release|Any CPU.ActiveCfg = Release|Any CPU
		{B114F873-1378-4496-8EA6-526BA79BAE06}.Release|Any CPU.Build.0 = Release|Any CPU
		{0E58B627-CAD5-433B-A17F-7E7983CE5FE2}.Debug|Any CPU.ActiveCfg = Debug|Any CPU
		{0E58B627-CAD5-433B-A17F-7E7983CE5FE2}.Debug|Any CPU.Build.0 = Debug|Any CPU
		{0E58B627-CAD5-433B-A17F-7E7983CE5FE2}.Release|Any CPU.ActiveCfg = Release|Any CPU
		{0E58B627-CAD5-433B-A17F-7E7983CE5FE2}.Release|Any CPU.Build.0 = Release|Any CPU
		{8E541E5A-B8EC-45B2-9EC2-B24973FFB593}.Debug|Any CPU.ActiveCfg = Debug|Any CPU
		{8E541E5A-B8EC-45B2-9EC2-B24973FFB593}.Debug|Any CPU.Build.0 = Debug|Any CPU
		{8E541E5A-B8EC-45B2-9EC2-B24973FFB593}.Release|Any CPU.ActiveCfg = Release|Any CPU
		{8E541E5A-B8EC-45B2-9EC2-B24973FFB593}.Release|Any CPU.Build.0 = Release|Any CPU
		{68CCF5B6-7F4B-499E-B0FB-C23BC5350265}.Debug|Any CPU.ActiveCfg = Debug|Any CPU
		{68CCF5B6-7F4B-499E-B0FB-C23BC5350265}.Debug|Any CPU.Build.0 = Debug|Any CPU
		{68CCF5B6-7F4B-499E-B0FB-C23BC5350265}.Release|Any CPU.ActiveCfg = Release|Any CPU
		{68CCF5B6-7F4B-499E-B0FB-C23BC5350265}.Release|Any CPU.Build.0 = Release|Any CPU
		{B469E956-01FB-4D65-90AA-C59CFFB77AFD}.Debug|Any CPU.ActiveCfg = Debug|Any CPU
		{B469E956-01FB-4D65-90AA-C59CFFB77AFD}.Debug|Any CPU.Build.0 = Debug|Any CPU
		{B469E956-01FB-4D65-90AA-C59CFFB77AFD}.Release|Any CPU.ActiveCfg = Release|Any CPU
		{B469E956-01FB-4D65-90AA-C59CFFB77AFD}.Release|Any CPU.Build.0 = Release|Any CPU
		{A02621E3-D24A-4DAE-832C-6A029C6CCE40}.Debug|Any CPU.ActiveCfg = Debug|Any CPU
		{A02621E3-D24A-4DAE-832C-6A029C6CCE40}.Debug|Any CPU.Build.0 = Debug|Any CPU
		{A02621E3-D24A-4DAE-832C-6A029C6CCE40}.Release|Any CPU.ActiveCfg = Release|Any CPU
		{A02621E3-D24A-4DAE-832C-6A029C6CCE40}.Release|Any CPU.Build.0 = Release|Any CPU
		{543B816B-23B5-43C7-AE3F-1212C7389A2B}.Debug|Any CPU.ActiveCfg = Debug|Any CPU
		{543B816B-23B5-43C7-AE3F-1212C7389A2B}.Debug|Any CPU.Build.0 = Debug|Any CPU
		{543B816B-23B5-43C7-AE3F-1212C7389A2B}.Release|Any CPU.ActiveCfg = Release|Any CPU
		{543B816B-23B5-43C7-AE3F-1212C7389A2B}.Release|Any CPU.Build.0 = Release|Any CPU
		{866AC193-3F28-495D-A613-80A8247E1585}.Debug|Any CPU.ActiveCfg = Debug|Any CPU
		{866AC193-3F28-495D-A613-80A8247E1585}.Debug|Any CPU.Build.0 = Debug|Any CPU
		{866AC193-3F28-495D-A613-80A8247E1585}.Release|Any CPU.ActiveCfg = Release|Any CPU
		{866AC193-3F28-495D-A613-80A8247E1585}.Release|Any CPU.Build.0 = Release|Any CPU
	EndGlobalSection
EndGlobal
