Microsoft Visual Studio Solution File, Format Version 12.00
# Visual Studio Version 17
VisualStudioVersion = 17.5.2.0
MinimumVisualStudioVersion = 10.0.40219.1
Project("{FAE04EC0-301F-11D3-BF4B-00C04F79EFBC}") = "MyMiniProject", "MyMiniProject.csproj", "{83B37C95-E376-9D40-9A10-E39CADB15ED8}"
EndProject
Global
	GlobalSection(SolutionConfigurationPlatforms) = preSolution
		Debug|Any CPU = Debug|Any CPU
		Release|Any CPU = Release|Any CPU
	EndGlobalSection
	GlobalSection(ProjectConfigurationPlatforms) = postSolution
		{83B37C95-E376-9D40-9A10-E39CADB15ED8}.Debug|Any CPU.ActiveCfg = Debug|Any CPU
		{83B37C95-E376-9D40-9A10-E39CADB15ED8}.Debug|Any CPU.Build.0 = Debug|Any CPU
		{83B37C95-E376-9D40-9A10-E39CADB15ED8}.Release|Any CPU.ActiveCfg = Release|Any CPU
		{83B37C95-E376-9D40-9A10-E39CADB15ED8}.Release|Any CPU.Build.0 = Release|Any CPU
	EndGlobalSection
	GlobalSection(SolutionProperties) = preSolution
		HideSolutionNode = FALSE
	EndGlobalSection
	GlobalSection(ExtensibilityGlobals) = postSolution
		SolutionGuid = {773EE1E8-0F87-438C-8122-EE0D71669DF6}
	EndGlobalSection
EndGlobal
