
Microsoft Visual Studio Solution File, Format Version 12.00
# Visual Studio Version 17
VisualStudioVersion = 17.0.31903.59
MinimumVisualStudioVersion = 10.0.40219.1
Project("{FAE04EC0-301F-11D3-BF4B-00C04F79EFBC}") = "Delegates", "Delegates\Delegates.csproj", "{5DA5A941-4CB7-44D3-9204-B7803E1E6347}"
EndProject
Project("{FAE04EC0-301F-11D3-BF4B-00C04F79EFBC}") = "Delegates-dif", "Delegates-dif\Delegates-dif.csproj", "{7FA99EBE-F07B-4307-B313-435F78F8B29C}"
EndProject
Project("{FAE04EC0-301F-11D3-BF4B-00C04F79EFBC}") = "MulticastDelegate", "MulticastDelegate\MulticastDelegate.csproj", "{CCB6D071-95C1-4EDB-8329-FF6700320CA5}"
EndProject
Project("{FAE04EC0-301F-11D3-BF4B-00C04F79EFBC}") = "Generic Delegate", "Generic Delegate\Generic Delegate.csproj", "{8A199EC4-F25F-463A-9D79-D9F64F43B9B9}"
EndProject
Project("{FAE04EC0-301F-11D3-BF4B-00C04F79EFBC}") = "Callback_Methods", "Callback_Methods\Callback_Methods.csproj", "{172F8456-347A-4597-821A-CDC34B73293D}"
EndProject
Project("{FAE04EC0-301F-11D3-BF4B-00C04F79EFBC}") = "EventHandler", "EventHandler\EventHandler.csproj", "{7DE86164-70DF-4E75-BB38-5FEB5E3B0F4F}"
EndProject
Global
	GlobalSection(SolutionConfigurationPlatforms) = preSolution
		Debug|Any CPU = Debug|Any CPU
		Release|Any CPU = Release|Any CPU
	EndGlobalSection
	GlobalSection(SolutionProperties) = preSolution
		HideSolutionNode = FALSE
	EndGlobalSection
	GlobalSection(ProjectConfigurationPlatforms) = postSolution
		{5DA5A941-4CB7-44D3-9204-B7803E1E6347}.Debug|Any CPU.ActiveCfg = Debug|Any CPU
		{5DA5A941-4CB7-44D3-9204-B7803E1E6347}.Debug|Any CPU.Build.0 = Debug|Any CPU
		{5DA5A941-4CB7-44D3-9204-B7803E1E6347}.Release|Any CPU.ActiveCfg = Release|Any CPU
		{5DA5A941-4CB7-44D3-9204-B7803E1E6347}.Release|Any CPU.Build.0 = Release|Any CPU
		{7FA99EBE-F07B-4307-B313-435F78F8B29C}.Debug|Any CPU.ActiveCfg = Debug|Any CPU
		{7FA99EBE-F07B-4307-B313-435F78F8B29C}.Debug|Any CPU.Build.0 = Debug|Any CPU
		{7FA99EBE-F07B-4307-B313-435F78F8B29C}.Release|Any CPU.ActiveCfg = Release|Any CPU
		{7FA99EBE-F07B-4307-B313-435F78F8B29C}.Release|Any CPU.Build.0 = Release|Any CPU
		{CCB6D071-95C1-4EDB-8329-FF6700320CA5}.Debug|Any CPU.ActiveCfg = Debug|Any CPU
		{CCB6D071-95C1-4EDB-8329-FF6700320CA5}.Debug|Any CPU.Build.0 = Debug|Any CPU
		{CCB6D071-95C1-4EDB-8329-FF6700320CA5}.Release|Any CPU.ActiveCfg = Release|Any CPU
		{CCB6D071-95C1-4EDB-8329-FF6700320CA5}.Release|Any CPU.Build.0 = Release|Any CPU
		{8A199EC4-F25F-463A-9D79-D9F64F43B9B9}.Debug|Any CPU.ActiveCfg = Debug|Any CPU
		{8A199EC4-F25F-463A-9D79-D9F64F43B9B9}.Debug|Any CPU.Build.0 = Debug|Any CPU
		{8A199EC4-F25F-463A-9D79-D9F64F43B9B9}.Release|Any CPU.ActiveCfg = Release|Any CPU
		{8A199EC4-F25F-463A-9D79-D9F64F43B9B9}.Release|Any CPU.Build.0 = Release|Any CPU
		{172F8456-347A-4597-821A-CDC34B73293D}.Debug|Any CPU.ActiveCfg = Debug|Any CPU
		{172F8456-347A-4597-821A-CDC34B73293D}.Debug|Any CPU.Build.0 = Debug|Any CPU
		{172F8456-347A-4597-821A-CDC34B73293D}.Release|Any CPU.ActiveCfg = Release|Any CPU
		{172F8456-347A-4597-821A-CDC34B73293D}.Release|Any CPU.Build.0 = Release|Any CPU
		{7DE86164-70DF-4E75-BB38-5FEB5E3B0F4F}.Debug|Any CPU.ActiveCfg = Debug|Any CPU
		{7DE86164-70DF-4E75-BB38-5FEB5E3B0F4F}.Debug|Any CPU.Build.0 = Debug|Any CPU
		{7DE86164-70DF-4E75-BB38-5FEB5E3B0F4F}.Release|Any CPU.ActiveCfg = Release|Any CPU
		{7DE86164-70DF-4E75-BB38-5FEB5E3B0F4F}.Release|Any CPU.Build.0 = Release|Any CPU
	EndGlobalSection
EndGlobal
